{
	"name": "@karmic/intercepts",
	"version": "0.5.0",
	"lockfileVersion": 1,
	"requires": true,
	"dependencies": {
		"errorish": {
			"version": "0.4.0",
			"resolved": "https://registry.npmjs.org/errorish/-/errorish-0.4.0.tgz",
			"integrity": "sha512-6bbH/9cgdngn9vrgEGaqhLX61yn0L/ub3Zl3cr3Emo2JxNR4viV+9T/LxWs+s2vRA2zeoyCTl+/gzufh+iBcuw==",
			"requires": {
				"promist": "^0.7.0"
			},
			"dependencies": {
				"promist": {
					"version": "0.7.0",
					"resolved": "https://registry.npmjs.org/promist/-/promist-0.7.0.tgz",
					"integrity": "sha512-kcfKZ07y7P4LudEUGTcmO63g0L06+MyjzuYTfqghS0t/V8r52ovzVV1qkhc2GQrdy6NHS8kyUppCjMYTAQz27g=="
				}
			}
		},
		"promist": {
			"version": "2.0.0",
			"resolved": "https://registry.npmjs.org/promist/-/promist-2.0.0.tgz",
			"integrity": "sha512-23R7diZX0PSJd/sy1l3tcjn0MlMT9A8IS4KLYQ170LIiboppj1AR+zE8u3TL6oOgrc26wwYFwjAcu/WIupWQRQ=="
		},
		"rxjs": {
			"version": "6.5.3",
			"resolved": "https://registry.npmjs.org/rxjs/-/rxjs-6.5.3.tgz",
			"integrity": "sha512-wuYsAYYFdWTAnAaPoKGNhfpWwKZbJW+HgAJ+mImp+Epl7BG8oNWBCTyRM8gba9k4lk8BgWdoYm21Mo/RYhhbgA==",
			"dev": true,
			"requires": {
				"tslib": "^1.9.0"
			}
		},
		"tslib": {
			"version": "1.10.0",
			"resolved": "https://registry.npmjs.org/tslib/-/tslib-1.10.0.tgz",
			"integrity": "sha512-qOebF53frne81cf0S9B41ByenJ3/IuH8yJKngAX35CmiZySA0khhkovshKK+jGCaMnVomla7gVlIcc3EvKPbTQ==",
			"dev": true
		}
	}
}
