{
	"name": "@karmic/ws-client",
	"version": "0.5.1",
	"lockfileVersion": 1,
	"requires": true,
	"dependencies": {
		"@types/node": {
			"version": "13.7.0",
			"resolved": "https://registry.npmjs.org/@types/node/-/node-13.7.0.tgz",
			"integrity": "sha512-GnZbirvmqZUzMgkFn70c74OQpTTUcCzlhQliTzYjQMqg+hVKcDnxdL19Ne3UdYzdMA/+W3eb646FWn/ZaT1NfQ==",
			"dev": true
		},
		"@types/ws": {
			"version": "7.2.1",
			"resolved": "https://registry.npmjs.org/@types/ws/-/ws-7.2.1.tgz",
			"integrity": "sha512-UEmRNbXFGvfs/sLncf01GuVv6U1mZP3Df0iXWx4kUlikJxbFyFADp95mDn1XDTE2mXpzzoHcKlfFcbytLq4vaA==",
			"dev": true,
			"requires": {
				"@types/node": "*"
			}
		},
		"decode-uri-component": {
			"version": "0.2.0",
			"resolved": "https://registry.npmjs.org/decode-uri-component/-/decode-uri-component-0.2.0.tgz",
			"integrity": "sha1-6zkTMzRYd1y4TNGh+uBiEGu4dUU="
		},
		"errorish": {
			"version": "0.4.0",
			"resolved": "https://registry.npmjs.org/errorish/-/errorish-0.4.0.tgz",
			"integrity": "sha512-6bbH/9cgdngn9vrgEGaqhLX61yn0L/ub3Zl3cr3Emo2JxNR4viV+9T/LxWs+s2vRA2zeoyCTl+/gzufh+iBcuw==",
			"requires": {
				"promist": "^0.7.0"
			},
			"dependencies": {
				"promist": {
					"version": "0.7.0",
					"resolved": "https://registry.npmjs.org/promist/-/promist-0.7.0.tgz",
					"integrity": "sha512-kcfKZ07y7P4LudEUGTcmO63g0L06+MyjzuYTfqghS0t/V8r52ovzVV1qkhc2GQrdy6NHS8kyUppCjMYTAQz27g=="
				}
			}
		},
		"isomorphic-ws": {
			"version": "4.0.1",
			"resolved": "https://registry.npmjs.org/isomorphic-ws/-/isomorphic-ws-4.0.1.tgz",
			"integrity": "sha512-BhBvN2MBpWTaSHdWRb/bwdZJ1WaehQ2L1KngkCkfLUGF0mAWAT1sQUQacEmQ0jXkFw/czDXPNQSL5u2/Krsz1w=="
		},
		"promist": {
			"version": "2.0.0",
			"resolved": "https://registry.npmjs.org/promist/-/promist-2.0.0.tgz",
			"integrity": "sha512-23R7diZX0PSJd/sy1l3tcjn0MlMT9A8IS4KLYQ170LIiboppj1AR+zE8u3TL6oOgrc26wwYFwjAcu/WIupWQRQ=="
		},
		"query-string": {
			"version": "6.10.1",
			"resolved": "https://registry.npmjs.org/query-string/-/query-string-6.10.1.tgz",
			"integrity": "sha512-SHTUV6gDlgMXg/AQUuLpTiBtW/etZ9JT6k6RCtCyqADquApLX0Aq5oK/s5UeTUAWBG50IExjIr587GqfXRfM4A==",
			"requires": {
				"decode-uri-component": "^0.2.0",
				"split-on-first": "^1.0.0",
				"strict-uri-encode": "^2.0.0"
			}
		},
		"rxjs": {
			"version": "6.5.4",
			"resolved": "https://registry.npmjs.org/rxjs/-/rxjs-6.5.4.tgz",
			"integrity": "sha512-naMQXcgEo3csAEGvw/NydRA0fuS2nDZJiw1YUWFKU7aPPAPGZEsD4Iimit96qwCieH6y614MCLYwdkrWx7z/7Q==",
			"dev": true,
			"requires": {
				"tslib": "^1.9.0"
			}
		},
		"split-on-first": {
			"version": "1.1.0",
			"resolved": "https://registry.npmjs.org/split-on-first/-/split-on-first-1.1.0.tgz",
			"integrity": "sha512-43ZssAJaMusuKWL8sKUBQXHWOpq8d6CfN/u1p4gUzfJkM05C8rxTmYrkIPTXapZpORA6LkkzcUulJ8FqA7Uudw=="
		},
		"strict-uri-encode": {
			"version": "2.0.0",
			"resolved": "https://registry.npmjs.org/strict-uri-encode/-/strict-uri-encode-2.0.0.tgz",
			"integrity": "sha1-ucczDHBChi9rFC3CdLvMWGbONUY="
		},
		"tslib": {
			"version": "1.10.0",
			"resolved": "https://registry.npmjs.org/tslib/-/tslib-1.10.0.tgz",
			"integrity": "sha512-qOebF53frne81cf0S9B41ByenJ3/IuH8yJKngAX35CmiZySA0khhkovshKK+jGCaMnVomla7gVlIcc3EvKPbTQ==",
			"dev": true
		},
		"ws": {
			"version": "7.2.1",
			"resolved": "https://registry.npmjs.org/ws/-/ws-7.2.1.tgz",
			"integrity": "sha512-sucePNSafamSKoOqoNfBd8V0StlkzJKL2ZAhGQinCfNQ+oacw+Pk7lcdAElecBF2VkLNZRiIb5Oi1Q5lVUVt2A==",
			"dev": true
		}
	}
}
