{
	"name": "@karmic/ws-client",
	"version": "0.5.0",
	"lockfileVersion": 1,
	"requires": true,
	"dependencies": {
		"@types/node": {
			"version": "12.12.7",
			"resolved": "https://registry.npmjs.org/@types/node/-/node-12.12.7.tgz",
			"integrity": "sha512-E6Zn0rffhgd130zbCbAr/JdXfXkoOUFAKNs/rF8qnafSJ8KYaA/j3oz7dcwal+lYjLA7xvdd5J4wdYpCTlP8+w==",
			"dev": true
		},
		"@types/ws": {
			"version": "6.0.3",
			"resolved": "https://registry.npmjs.org/@types/ws/-/ws-6.0.3.tgz",
			"integrity": "sha512-yBTM0P05Tx9iXGq00BbJPo37ox68R5vaGTXivs6RGh/BQ6QP5zqZDGWdAO6JbRE/iR1l80xeGAwCQS2nMV9S/w==",
			"dev": true,
			"requires": {
				"@types/node": "*"
			}
		},
		"async-limiter": {
			"version": "1.0.1",
			"resolved": "https://registry.npmjs.org/async-limiter/-/async-limiter-1.0.1.tgz",
			"integrity": "sha512-csOlWGAcRFJaI6m+F2WKdnMKr4HhdhFVBk0H/QbJFMCr+uO2kwohwXQPxw/9OCxp05r5ghVBFSyioixx3gfkNQ==",
			"dev": true
		},
		"decode-uri-component": {
			"version": "0.2.0",
			"resolved": "https://registry.npmjs.org/decode-uri-component/-/decode-uri-component-0.2.0.tgz",
			"integrity": "sha1-6zkTMzRYd1y4TNGh+uBiEGu4dUU="
		},
		"errorish": {
			"version": "0.4.0",
			"resolved": "https://registry.npmjs.org/errorish/-/errorish-0.4.0.tgz",
			"integrity": "sha512-6bbH/9cgdngn9vrgEGaqhLX61yn0L/ub3Zl3cr3Emo2JxNR4viV+9T/LxWs+s2vRA2zeoyCTl+/gzufh+iBcuw==",
			"requires": {
				"promist": "^0.7.0"
			},
			"dependencies": {
				"promist": {
					"version": "0.7.0",
					"resolved": "https://registry.npmjs.org/promist/-/promist-0.7.0.tgz",
					"integrity": "sha512-kcfKZ07y7P4LudEUGTcmO63g0L06+MyjzuYTfqghS0t/V8r52ovzVV1qkhc2GQrdy6NHS8kyUppCjMYTAQz27g=="
				}
			}
		},
		"isomorphic-ws": {
			"version": "4.0.1",
			"resolved": "https://registry.npmjs.org/isomorphic-ws/-/isomorphic-ws-4.0.1.tgz",
			"integrity": "sha512-BhBvN2MBpWTaSHdWRb/bwdZJ1WaehQ2L1KngkCkfLUGF0mAWAT1sQUQacEmQ0jXkFw/czDXPNQSL5u2/Krsz1w=="
		},
		"promist": {
			"version": "2.0.0",
			"resolved": "https://registry.npmjs.org/promist/-/promist-2.0.0.tgz",
			"integrity": "sha512-23R7diZX0PSJd/sy1l3tcjn0MlMT9A8IS4KLYQ170LIiboppj1AR+zE8u3TL6oOgrc26wwYFwjAcu/WIupWQRQ=="
		},
		"query-string": {
			"version": "6.8.3",
			"resolved": "https://registry.npmjs.org/query-string/-/query-string-6.8.3.tgz",
			"integrity": "sha512-llcxWccnyaWlODe7A9hRjkvdCKamEKTh+wH8ITdTc3OhchaqUZteiSCX/2ablWHVrkVIe04dntnaZJ7BdyW0lQ==",
			"requires": {
				"decode-uri-component": "^0.2.0",
				"split-on-first": "^1.0.0",
				"strict-uri-encode": "^2.0.0"
			}
		},
		"rxjs": {
			"version": "6.5.3",
			"resolved": "https://registry.npmjs.org/rxjs/-/rxjs-6.5.3.tgz",
			"integrity": "sha512-wuYsAYYFdWTAnAaPoKGNhfpWwKZbJW+HgAJ+mImp+Epl7BG8oNWBCTyRM8gba9k4lk8BgWdoYm21Mo/RYhhbgA==",
			"dev": true,
			"requires": {
				"tslib": "^1.9.0"
			}
		},
		"split-on-first": {
			"version": "1.1.0",
			"resolved": "https://registry.npmjs.org/split-on-first/-/split-on-first-1.1.0.tgz",
			"integrity": "sha512-43ZssAJaMusuKWL8sKUBQXHWOpq8d6CfN/u1p4gUzfJkM05C8rxTmYrkIPTXapZpORA6LkkzcUulJ8FqA7Uudw=="
		},
		"strict-uri-encode": {
			"version": "2.0.0",
			"resolved": "https://registry.npmjs.org/strict-uri-encode/-/strict-uri-encode-2.0.0.tgz",
			"integrity": "sha1-ucczDHBChi9rFC3CdLvMWGbONUY="
		},
		"tslib": {
			"version": "1.10.0",
			"resolved": "https://registry.npmjs.org/tslib/-/tslib-1.10.0.tgz",
			"integrity": "sha512-qOebF53frne81cf0S9B41ByenJ3/IuH8yJKngAX35CmiZySA0khhkovshKK+jGCaMnVomla7gVlIcc3EvKPbTQ==",
			"dev": true
		},
		"ws": {
			"version": "7.2.0",
			"resolved": "https://registry.npmjs.org/ws/-/ws-7.2.0.tgz",
			"integrity": "sha512-+SqNqFbwTm/0DC18KYzIsMTnEWpLwJsiasW/O17la4iDRRIO9uaHbvKiAS3AHgTiuuWerK/brj4O6MYZkei9xg==",
			"dev": true,
			"requires": {
				"async-limiter": "^1.0.0"
			}
		}
	}
}
