{
	"name": "@karmic/rpc",
	"version": "0.5.1",
	"lockfileVersion": 2,
	"requires": true,
	"packages": {
		"": {
			"name": "@karmic/rpc",
			"version": "0.5.1",
			"license": "MIT",
			"dependencies": {
				"contains-key": "^0.1.1",
				"dataloader": "^1.4.0",
				"promist": "^2.0.0"
			},
			"devDependencies": {
				"rxjs": "^6.5.4"
			},
			"engines": {
				"node": ">=12"
			},
			"peerDependencies": {
				"rxjs": "6.x"
			}
		},
		"node_modules/contains-key": {
			"version": "0.1.1",
			"resolved": "https://registry.npmjs.org/contains-key/-/contains-key-0.1.1.tgz",
			"integrity": "sha512-s3oqInAK3HhSg9y30zA52B2dydhm1TIdY0/fdeKtEfuEMf8P9qbIfGM0BGHHrg4BPuNmkF1tG997HOO7OWGDGw==",
			"engines": {
				"node": ">=12"
			}
		},
		"node_modules/dataloader": {
			"version": "1.4.0",
			"resolved": "https://registry.npmjs.org/dataloader/-/dataloader-1.4.0.tgz",
			"integrity": "sha512-68s5jYdlvasItOJnCuI2Q9s4q98g0pCyL3HrcKJu8KNugUl8ahgmZYg38ysLTgQjjXX3H8CJLkAvWrclWfcalw=="
		},
		"node_modules/promist": {
			"version": "2.0.0",
			"resolved": "https://registry.npmjs.org/promist/-/promist-2.0.0.tgz",
			"integrity": "sha512-23R7diZX0PSJd/sy1l3tcjn0MlMT9A8IS4KLYQ170LIiboppj1AR+zE8u3TL6oOgrc26wwYFwjAcu/WIupWQRQ==",
			"engines": {
				"node": ">=8"
			}
		},
		"node_modules/rxjs": {
			"version": "6.5.4",
			"resolved": "https://registry.npmjs.org/rxjs/-/rxjs-6.5.4.tgz",
			"integrity": "sha512-naMQXcgEo3csAEGvw/NydRA0fuS2nDZJiw1YUWFKU7aPPAPGZEsD4Iimit96qwCieH6y614MCLYwdkrWx7z/7Q==",
			"dev": true,
			"dependencies": {
				"tslib": "^1.9.0"
			},
			"engines": {
				"npm": ">=2.0.0"
			}
		},
		"node_modules/tslib": {
			"version": "1.10.0",
			"resolved": "https://registry.npmjs.org/tslib/-/tslib-1.10.0.tgz",
			"integrity": "sha512-qOebF53frne81cf0S9B41ByenJ3/IuH8yJKngAX35CmiZySA0khhkovshKK+jGCaMnVomla7gVlIcc3EvKPbTQ==",
			"dev": true
		}
	},
	"dependencies": {
		"contains-key": {
			"version": "0.1.1",
			"resolved": "https://registry.npmjs.org/contains-key/-/contains-key-0.1.1.tgz",
			"integrity": "sha512-s3oqInAK3HhSg9y30zA52B2dydhm1TIdY0/fdeKtEfuEMf8P9qbIfGM0BGHHrg4BPuNmkF1tG997HOO7OWGDGw=="
		},
		"dataloader": {
			"version": "1.4.0",
			"resolved": "https://registry.npmjs.org/dataloader/-/dataloader-1.4.0.tgz",
			"integrity": "sha512-68s5jYdlvasItOJnCuI2Q9s4q98g0pCyL3HrcKJu8KNugUl8ahgmZYg38ysLTgQjjXX3H8CJLkAvWrclWfcalw=="
		},
		"promist": {
			"version": "2.0.0",
			"resolved": "https://registry.npmjs.org/promist/-/promist-2.0.0.tgz",
			"integrity": "sha512-23R7diZX0PSJd/sy1l3tcjn0MlMT9A8IS4KLYQ170LIiboppj1AR+zE8u3TL6oOgrc26wwYFwjAcu/WIupWQRQ=="
		},
		"rxjs": {
			"version": "6.5.4",
			"resolved": "https://registry.npmjs.org/rxjs/-/rxjs-6.5.4.tgz",
			"integrity": "sha512-naMQXcgEo3csAEGvw/NydRA0fuS2nDZJiw1YUWFKU7aPPAPGZEsD4Iimit96qwCieH6y614MCLYwdkrWx7z/7Q==",
			"dev": true,
			"requires": {
				"tslib": "^1.9.0"
			}
		},
		"tslib": {
			"version": "1.10.0",
			"resolved": "https://registry.npmjs.org/tslib/-/tslib-1.10.0.tgz",
			"integrity": "sha512-qOebF53frne81cf0S9B41ByenJ3/IuH8yJKngAX35CmiZySA0khhkovshKK+jGCaMnVomla7gVlIcc3EvKPbTQ==",
			"dev": true
		}
	}
}
