{
	"name": "@karmic/rpc",
	"version": "0.5.0",
	"lockfileVersion": 1,
	"requires": true,
	"dependencies": {
		"contains-key": {
			"version": "0.1.0",
			"resolved": "https://registry.npmjs.org/contains-key/-/contains-key-0.1.0.tgz",
			"integrity": "sha512-vq/NSsOd2hE0hn61DD3Am3w/w0IfQkH8wk4Vfth0ReYWEifPPsJe+lkDxFRVHQyApHuHpU+uvnf4N9Kcsxy6FQ=="
		},
		"dataloader": {
			"version": "1.4.0",
			"resolved": "https://registry.npmjs.org/dataloader/-/dataloader-1.4.0.tgz",
			"integrity": "sha512-68s5jYdlvasItOJnCuI2Q9s4q98g0pCyL3HrcKJu8KNugUl8ahgmZYg38ysLTgQjjXX3H8CJLkAvWrclWfcalw=="
		},
		"promist": {
			"version": "2.0.0",
			"resolved": "https://registry.npmjs.org/promist/-/promist-2.0.0.tgz",
			"integrity": "sha512-23R7diZX0PSJd/sy1l3tcjn0MlMT9A8IS4KLYQ170LIiboppj1AR+zE8u3TL6oOgrc26wwYFwjAcu/WIupWQRQ=="
		},
		"rxjs": {
			"version": "6.5.3",
			"resolved": "https://registry.npmjs.org/rxjs/-/rxjs-6.5.3.tgz",
			"integrity": "sha512-wuYsAYYFdWTAnAaPoKGNhfpWwKZbJW+HgAJ+mImp+Epl7BG8oNWBCTyRM8gba9k4lk8BgWdoYm21Mo/RYhhbgA==",
			"dev": true,
			"requires": {
				"tslib": "^1.9.0"
			}
		},
		"tslib": {
			"version": "1.10.0",
			"resolved": "https://registry.npmjs.org/tslib/-/tslib-1.10.0.tgz",
			"integrity": "sha512-qOebF53frne81cf0S9B41ByenJ3/IuH8yJKngAX35CmiZySA0khhkovshKK+jGCaMnVomla7gVlIcc3EvKPbTQ==",
			"dev": true
		}
	}
}
